{
  "pins" : [
    {
      "identity" : "samplepackageainterface",
      "kind" : "remoteSourceControl",
      "location" : "https://github.com/kalub92/SamplePackageAInterface.git",
      "state" : {
        "branch" : "main",
        "revision" : "7e98beb8a9bbe64fdd0b233856b50a1909752277"
      }
    },
    {
      "identity" : "samplepackageb-ios",
      "kind" : "remoteSourceControl",
      "location" : "https://github.com/kalub92/SamplePackageB-iOS.git",
      "state" : {
        "branch" : "test-new-api",
        "revision" : "6a29a0e5b1504fa3a47256bc794627e24afa433b"
      }
    }
  ],
  "version" : 2
}
