{
  "pins" : [
    {
      "identity" : "samplepackageainterface",
      "kind" : "remoteSourceControl",
      "location" : "https://github.com/kalub92/SamplePackageAInterface.git",
      "state" : {
        "branch" : "main",
        "revision" : "7e98beb8a9bbe64fdd0b233856b50a1909752277"
      }
    },
    {
      "identity" : "samplepackageb-ios",
      "kind" : "remoteSourceControl",
      "location" : "https://github.com/kalub92/SamplePackageB-iOS.git",
      "state" : {
        "branch" : "master",
        "revision" : "0569c1ea454cbb270bc15de7e7ce42be03de02fd"
      }
    },
    {
      "identity" : "samplepackageb-macos",
      "kind" : "remoteSourceControl",
      "location" : "https://github.com/kalub92/SamplePackageB-macOS.git",
      "state" : {
        "branch" : "master",
        "revision" : "e3b0bcf694790034c8a562863c81de61b1d03b75"
      }
    }
  ],
  "version" : 2
}
