{
  "pins" : [
    {
      "identity" : "samplepackageainterface",
      "kind" : "remoteSourceControl",
      "location" : "https://github.com/kalub92/SamplePackageAInterface.git",
      "state" : {
        "branch" : "main",
        "revision" : "7e98beb8a9bbe64fdd0b233856b50a1909752277"
      }
    },
    {
      "identity" : "samplepackageb-ios",
      "kind" : "remoteSourceControl",
      "location" : "https://github.com/kalub92/SamplePackageB-iOS.git",
      "state" : {
        "branch" : "master",
        "revision" : "7e93ea48dcede9841038eaac1cc1c8d6bf106fae"
      }
    }
  ],
  "version" : 2
}
